
Microsoft Visual Studio Solution File, Format Version 12.00
# Visual Studio Version 17
VisualStudioVersion = 17.4.33205.214
MinimumVisualStudioVersion = 10.0.40219.1
Project("{FAE04EC0-301F-11D3-BF4B-00C04F79EFBC}") = "MinimalAPI", "MinimalAPI\MinimalAPI.csproj", "{97C66B14-510A-46C9-AEDD-5CCA8D349C0B}"
EndProject
Global
	GlobalSection(SolutionConfigurationPlatforms) = preSolution
		Debug|Any CPU = Debug|Any CPU
		Release|Any CPU = Release|Any CPU
	EndGlobalSection
	GlobalSection(ProjectConfigurationPlatforms) = postSolution
		{97C66B14-510A-46C9-AEDD-5CCA8D349C0B}.Debug|Any CPU.ActiveCfg = Debug|Any CPU
		{97C66B14-510A-46C9-AEDD-5CCA8D349C0B}.Debug|Any CPU.Build.0 = Debug|Any CPU
		{97C66B14-510A-46C9-AEDD-5CCA8D349C0B}.Release|Any CPU.ActiveCfg = Release|Any CPU
		{97C66B14-510A-46C9-AEDD-5CCA8D349C0B}.Release|Any CPU.Build.0 = Release|Any CPU
	EndGlobalSection
	GlobalSection(SolutionProperties) = preSolution
		HideSolutionNode = FALSE
	EndGlobalSection
	GlobalSection(ExtensibilityGlobals) = postSolution
		SolutionGuid = {BD03D3B3-EA1F-48BB-BE55-B9910A53AA02}
	EndGlobalSection
EndGlobal
